PODS:
  - Alamofire (4.0.1)
  - Bolts (1.8.4):
    - Bolts/AppLinks (= 1.8.4)
    - Bolts/Tasks (= 1.8.4)
  - Bolts/AppLinks (1.8.4):
    - Bolts/Tasks
  - Bolts/Tasks (1.8.4)
  - DZNEmptyDataSet (1.8.1)
  - FBSDKCoreKit (4.16.0):
    - Bolts (~> 1.7)
  - FBSDKLoginKit (4.16.0):
    - FBSDKCoreKit
  - FBSDKShareKit (4.16.0):
    - FBSDKCoreKit
  - HanekeSwift (0.10.1)
  - MBProgressHUD (1.0.0)
  - MTBBarcodeScanner (3.1.0)
  - NVActivityIndicatorView (3.0)
  - ObjectMapper (2.0.0)
  - Spring (1.0.3)
  - SwiftDate (4.0.4)
  - SwiftHEXColors (1.0.4)
  - SwiftyJSON (3.1.0)
  - TSCurrencyTextField (0.1.0):
    - TSCurrencyTextField/Core (= 0.1.0)
  - TSCurrencyTextField/Core (0.1.0)
  - UIResponder+KeyboardCache (0.1)

DEPENDENCIES:
  - Alamofire (from `https://github.com/Homely/Alamofire.git`, branch `ios8`)
  - DZNEmptyDataSet
  - FBSDKCoreKit
  - FBSDKLoginKit
  - FBSDKShareKit
  - HanekeSwift (from `https://github.com/Haneke/HanekeSwift.git`, branch `feature/swift-3`)
  - MBProgressHUD (~> 1.0.0)
  - MTBBarcodeScanner
  - NVActivityIndicatorView
  - ObjectMapper (~> 2.0)
  - Spring (from `https://github.com/MengTo/Spring.git`, branch `swift3`)
  - SwiftDate (~> 4.0)
  - SwiftHEXColors (from `https://github.com/thii/SwiftHEXColors.git`, branch `swift-3.0`)
  - SwiftyJSON
  - TSCurrencyTextField (~> 0.1.0)
  - UIResponder+KeyboardCache (~> 0.1)

EXTERNAL SOURCES:
  Alamofire:
    :branch: ios8
    :git: https://github.com/Homely/Alamofire.git
  HanekeSwift:
    :branch: feature/swift-3
    :git: https://github.com/Haneke/HanekeSwift.git
  Spring:
    :branch: swift3
    :git: https://github.com/MengTo/Spring.git
  SwiftHEXColors:
    :branch: swift-3.0
    :git: https://github.com/thii/SwiftHEXColors.git

CHECKOUT OPTIONS:
  Alamofire:
    :commit: 276386cf230cb7e91964ca0021e7ddfa58d2439c
    :git: https://github.com/Homely/Alamofire.git
  HanekeSwift:
    :commit: 3fb394f3769303685c9e0e692c9065e6a037b30a
    :git: https://github.com/Haneke/HanekeSwift.git
  Spring:
    :commit: e5c127b7aa6ce31e5f4d01100a8991423a1eb498
    :git: https://github.com/MengTo/Spring.git
  SwiftHEXColors:
    :commit: f4b98e298528fd9d88b10ab55e806d29ce497daa
    :git: https://github.com/thii/SwiftHEXColors.git

SPEC CHECKSUMS:
  Alamofire: d8ab1487ca8accacde5d0c65ae8144bdf9a264b8
  Bolts: 8a7995239dbe724f9cba2248b766d48b7ebdd322
  DZNEmptyDataSet: 9525833b9e68ac21c30253e1d3d7076cc828eaa7
  FBSDKCoreKit: 7a6baaed4a2b2a244ba253346713bdbc74df135b
  FBSDKLoginKit: 9a514a55a7d05190f64d4ef09502737588b5b561
  FBSDKShareKit: e81505de17fc0624cbaa87b83cccc9f2a786e6cb
  HanekeSwift: 4113367892828e7700d24a384027de6ebc79aad1
  MBProgressHUD: 4890f671c94e8a0f3cf959aa731e9de2f036d71a
  MTBBarcodeScanner: 6d397077f1a4a886050df8e66584a59a1dc429e7
  NVActivityIndicatorView: 81953b5e65093ba79edf4fe7268e002039ca5268
  ObjectMapper: aed2570edabbd3c9b26c939e1cabdb6558f933e0
  Spring: 3f02b5dc3308572ef177b3cad0fa7bbc4b0706f7
  SwiftDate: 16d9e299eafb8021d921e874f13c0f79e7f1a801
  SwiftHEXColors: b0ecc7bd83a1aa2e1956f9ba51f55ebb2bcf86ef
  SwiftyJSON: 29b9f2a64f118c07e691667c2ba1efe536acfe0b
  TSCurrencyTextField: 03f9d4d263d617d1f0e034e4ace12febcfa6fe48
  UIResponder+KeyboardCache: dc1b7ff925c25ddb58b289bc71a3724c269767ef

PODFILE CHECKSUM: 2af617d9ad75b78fa7c029e6bfd1e859640e4c4e

COCOAPODS: 1.0.1
